
Microsoft Visual Studio Solution File, Format Version 12.00
# Visual Studio Version 17
VisualStudioVersion = 17.4.33122.133
MinimumVisualStudioVersion = 10.0.40219.1
Project("{FAE04EC0-301F-11D3-BF4B-00C04F79EFBC}") = "TransportProblemWebApp", "TransportProblemWebApp\TransportProblemWebApp.csproj", "{9BA0315A-7B75-466C-8023-02D03FB8E9E2}"
EndProject
Project("{FAE04EC0-301F-11D3-BF4B-00C04F79EFBC}") = "TransportProblemLib", "TransportProblemLib\TransportProblemLib.csproj", "{3516E21C-6BAD-46C6-9B36-BDEB17359E43}"
EndProject
Global
	GlobalSection(SolutionConfigurationPlatforms) = preSolution
		Debug|Any CPU = Debug|Any CPU
		Release|Any CPU = Release|Any CPU
	EndGlobalSection
	GlobalSection(ProjectConfigurationPlatforms) = postSolution
		{9BA0315A-7B75-466C-8023-02D03FB8E9E2}.Debug|Any CPU.ActiveCfg = Debug|Any CPU
		{9BA0315A-7B75-466C-8023-02D03FB8E9E2}.Debug|Any CPU.Build.0 = Debug|Any CPU
		{9BA0315A-7B75-466C-8023-02D03FB8E9E2}.Release|Any CPU.ActiveCfg = Release|Any CPU
		{9BA0315A-7B75-466C-8023-02D03FB8E9E2}.Release|Any CPU.Build.0 = Release|Any CPU
		{3516E21C-6BAD-46C6-9B36-BDEB17359E43}.Debug|Any CPU.ActiveCfg = Debug|Any CPU
		{3516E21C-6BAD-46C6-9B36-BDEB17359E43}.Debug|Any CPU.Build.0 = Debug|Any CPU
		{3516E21C-6BAD-46C6-9B36-BDEB17359E43}.Release|Any CPU.ActiveCfg = Release|Any CPU
		{3516E21C-6BAD-46C6-9B36-BDEB17359E43}.Release|Any CPU.Build.0 = Release|Any CPU
	EndGlobalSection
	GlobalSection(SolutionProperties) = preSolution
		HideSolutionNode = FALSE
	EndGlobalSection
	GlobalSection(ExtensibilityGlobals) = postSolution
		SolutionGuid = {7A45AE48-FC4C-43DC-B9B9-31D3B7057404}
	EndGlobalSection
EndGlobal
